<?xml version="1.0" encoding="utf-8"?>
<Project ToolsVersion="4.0" xmlns="http://schemas.microsoft.com/developer/msbuild/2003">
  <ItemGroup>
    <ClCompile Include="Matrix3x3.cpp">
      <Filter>Source Files</Filter>
    </ClCompile>
    <ClCompile Include="Matrix4x4.cpp">
      <Filter>Source Files</Filter>
    </ClCompile>
    <ClCompile Include="pch.cpp">
      <Filter>Source Files</Filter>
    </ClCompile>
    <ClCompile Include="SceneManager.cpp">
      <Filter>Source Files</Filter>
    </ClCompile>
    <ClCompile Include="SEAnimation.cpp">
      <Filter>Source Files</Filter>
    </ClCompile>
    <ClCompile Include="SEAudio.cpp">
      <Filter>Source Files</Filter>
    </ClCompile>
    <ClCompile Include="SECollision.cpp">
      <Filter>Source Files</Filter>
    </ClCompile>
    <ClCompile Include="SEDebug.cpp">
      <Filter>Source Files</Filter>
    </ClCompile>
    <ClCompile Include="SEDialogue.cpp">
      <Filter>Source Files</Filter>
    </ClCompile>
    <ClCompile Include="SEEngine.cpp">
      <Filter>Source Files</Filter>
    </ClCompile>
    <ClCompile Include="SEFactory.cpp">
      <Filter>Source Files</Filter>
    </ClCompile>
    <ClCompile Include="SEGraphics.cpp">
      <Filter>Source Files</Filter>
    </ClCompile>
    <ClCompile Include="SEGui.cpp">
      <Filter>Source Files</Filter>
    </ClCompile>
    <ClCompile Include="SEGuiDatabase.cpp">
      <Filter>Source Files</Filter>
    </ClCompile>
    <ClCompile Include="SELayers.cpp">
      <Filter>Source Files</Filter>
    </ClCompile>
    <ClCompile Include="SELayerStack.cpp">
      <Filter>Source Files</Filter>
    </ClCompile>
    <ClCompile Include="SELogger.cpp">
      <Filter>Source Files</Filter>
    </ClCompile>
    <ClCompile Include="SEResource.cpp">
      <Filter>Source Files</Filter>
    </ClCompile>
    <ClCompile Include="SERigidBody.cpp">
      <Filter>Source Files</Filter>
    </ClCompile>
    <ClCompile Include="SEScripting.cpp">
      <Filter>Source Files</Filter>
    </ClCompile>
    <ClCompile Include="SESerialiser.cpp">
      <Filter>Source Files</Filter>
    </ClCompile>
    <ClCompile Include="Vector2D.cpp">
      <Filter>Source Files</Filter>
    </ClCompile>
    <ClCompile Include="Vector3D.cpp">
      <Filter>Source Files</Filter>
    </ClCompile>
    <ClCompile Include="Vector4D.cpp">
      <Filter>Source Files</Filter>
    </ClCompile>
    <ClCompile Include="SEParticleSystem.cpp">
      <Filter>Source Files</Filter>
    </ClCompile>
    <ClCompile Include="Timer.cpp">
      <Filter>Source Files</Filter>
    </ClCompile>
    <ClCompile Include="SEWaypointSystem.cpp">
      <Filter>Source Files</Filter>
    </ClCompile>
  </ItemGroup>
  <ItemGroup>
    <ClInclude Include="framework.h">
      <Filter>Header Files</Filter>
    </ClInclude>
    <ClInclude Include="Matrix4x4.h">
      <Filter>Header Files</Filter>
    </ClInclude>
    <ClInclude Include="Matrix3x3.h">
      <Filter>Header Files</Filter>
    </ClInclude>
    <ClInclude Include="pch.h">
      <Filter>Header Files</Filter>
    </ClInclude>
    <ClInclude Include="SceneManager.h">
      <Filter>Header Files</Filter>
    </ClInclude>
    <ClInclude Include="SEAnimation.h">
      <Filter>Header Files</Filter>
    </ClInclude>
    <ClInclude Include="SEAudio.h">
      <Filter>Header Files</Filter>
    </ClInclude>
    <ClInclude Include="SECollision.h">
      <Filter>Header Files</Filter>
    </ClInclude>
    <ClInclude Include="SEDebug.h">
      <Filter>Header Files</Filter>
    </ClInclude>
    <ClInclude Include="SEDialogue.h">
      <Filter>Header Files</Filter>
    </ClInclude>
    <ClInclude Include="SEEngine.h">
      <Filter>Header Files</Filter>
    </ClInclude>
    <ClInclude Include="SEFactory.h">
      <Filter>Header Files</Filter>
    </ClInclude>
    <ClInclude Include="SEGraphics.h">
      <Filter>Header Files</Filter>
    </ClInclude>
    <ClInclude Include="SEGui.h">
      <Filter>Header Files</Filter>
    </ClInclude>
    <ClInclude Include="SELayers.h">
      <Filter>Header Files</Filter>
    </ClInclude>
    <ClInclude Include="SEGuiDatabase.h">
      <Filter>Header Files</Filter>
    </ClInclude>
    <ClInclude Include="SELayerStack.h">
      <Filter>Header Files</Filter>
    </ClInclude>
    <ClInclude Include="SELogger.h">
      <Filter>Header Files</Filter>
    </ClInclude>
    <ClInclude Include="SEResource.h">
      <Filter>Header Files</Filter>
    </ClInclude>
    <ClInclude Include="SERigidBody.h">
      <Filter>Header Files</Filter>
    </ClInclude>
    <ClInclude Include="SEScripting.h">
      <Filter>Header Files</Filter>
    </ClInclude>
    <ClInclude Include="SESerialiser.h">
      <Filter>Header Files</Filter>
    </ClInclude>
    <ClInclude Include="Vector2D.h">
      <Filter>Header Files</Filter>
    </ClInclude>
    <ClInclude Include="Vector3D.h">
      <Filter>Header Files</Filter>
    </ClInclude>
    <ClInclude Include="Vector4D.h">
      <Filter>Header Files</Filter>
    </ClInclude>
    <ClInclude Include="SEParticleSystem.h">
      <Filter>Header Files</Filter>
    </ClInclude>
    <ClInclude Include="Timer.h">
      <Filter>Header Files</Filter>
    </ClInclude>
    <ClInclude Include="Random.h">
      <Filter>Header Files</Filter>
    </ClInclude>
    <ClInclude Include="ConsoleColor.h" />
  </ItemGroup>
  <ItemGroup>
    <Filter Include="Header Files">
      <UniqueIdentifier>{d46464a6-72fe-429e-af51-de5d1400faaa}</UniqueIdentifier>
    </Filter>
    <Filter Include="Source Files">
      <UniqueIdentifier>{c792ebb1-1d48-4cf6-8dd9-b8a1497a2984}</UniqueIdentifier>
    </Filter>
  </ItemGroup>
</Project>